// !$*UTF8*$!
{
	archiveVersion = 1;
	classes = {
	};
	objectVersion = 56;
	objects = {

/* Begin PBXBuildFile section */
		D45021892AAB40A400A3DAE4 /* ViewModel.swift in Sources */ = {isa = PBXBuildFile; fileRef = D45021882AAB40A400A3DAE4 /* ViewModel.swift */; };
		D45021922AAB4D9700A3DAE4 /* SplashViewModel.swift in Sources */ = {isa = PBXBuildFile; fileRef = D45021912AAB4D9700A3DAE4 /* SplashViewModel.swift */; };
		D45021952AAB4DF600A3DAE4 /* RxCocoa in Frameworks */ = {isa = PBXBuildFile; productRef = D45021942AAB4DF600A3DAE4 /* RxCocoa */; };
		D45021972AAB4DF600A3DAE4 /* RxSwift in Frameworks */ = {isa = PBXBuildFile; productRef = D45021962AAB4DF600A3DAE4 /* RxSwift */; };
		D45021A02AAC704500A3DAE4 /* SpeechService.swift in Sources */ = {isa = PBXBuildFile; fileRef = D450219F2AAC704500A3DAE4 /* SpeechService.swift */; };
		D45021A62AAC964200A3DAE4 /* AppDIContainer.swift in Sources */ = {isa = PBXBuildFile; fileRef = D45021A52AAC964200A3DAE4 /* AppDIContainer.swift */; };
		D45021A82AAC97F700A3DAE4 /* AppCoordinator.swift in Sources */ = {isa = PBXBuildFile; fileRef = D45021A72AAC97F700A3DAE4 /* AppCoordinator.swift */; };
		D45021AA2AAC989F00A3DAE4 /* SplashViewController.swift in Sources */ = {isa = PBXBuildFile; fileRef = D45021A92AAC989F00A3DAE4 /* SplashViewController.swift */; };
		D45021AC2AACB4FB00A3DAE4 /* SpeechServiceError.swift in Sources */ = {isa = PBXBuildFile; fileRef = D45021AB2AACB4FB00A3DAE4 /* SpeechServiceError.swift */; };
		D45021AE2AACBA5000A3DAE4 /* SpeechRecognizer.swift in Sources */ = {isa = PBXBuildFile; fileRef = D45021AD2AACBA5000A3DAE4 /* SpeechRecognizer.swift */; };
		D45021B02AACEB8400A3DAE4 /* SpeechRequest.swift in Sources */ = {isa = PBXBuildFile; fileRef = D45021AF2AACEB8400A3DAE4 /* SpeechRequest.swift */; };
		D45021B22AACEFF100A3DAE4 /* SpeechRecognizerError.swift in Sources */ = {isa = PBXBuildFile; fileRef = D45021B12AACEFF100A3DAE4 /* SpeechRecognizerError.swift */; };
		D45021B62AACF18300A3DAE4 /* SpeechConfig.swift in Sources */ = {isa = PBXBuildFile; fileRef = D45021B52AACF18300A3DAE4 /* SpeechConfig.swift */; };
		D45021B82AACF68200A3DAE4 /* SpeechServiceTests.swift in Sources */ = {isa = PBXBuildFile; fileRef = D45021B72AACF68200A3DAE4 /* SpeechServiceTests.swift */; };
		D45021BC2AACF69500A3DAE4 /* SpeechRecognizerMock.swift in Sources */ = {isa = PBXBuildFile; fileRef = D45021BB2AACF69500A3DAE4 /* SpeechRecognizerMock.swift */; };
		D45021BD2AACF6B400A3DAE4 /* SpeechServiceError.swift in Sources */ = {isa = PBXBuildFile; fileRef = D45021AB2AACB4FB00A3DAE4 /* SpeechServiceError.swift */; };
		D45021BE2AACF6B400A3DAE4 /* SpeechRecognizerError.swift in Sources */ = {isa = PBXBuildFile; fileRef = D45021B12AACEFF100A3DAE4 /* SpeechRecognizerError.swift */; };
		D45021BF2AACF6B400A3DAE4 /* SpeechConfig.swift in Sources */ = {isa = PBXBuildFile; fileRef = D45021B52AACF18300A3DAE4 /* SpeechConfig.swift */; };
		D45021C02AACF6B400A3DAE4 /* SpeechRequest.swift in Sources */ = {isa = PBXBuildFile; fileRef = D45021AF2AACEB8400A3DAE4 /* SpeechRequest.swift */; };
		D45021C12AACF6B400A3DAE4 /* SpeechRecognizer.swift in Sources */ = {isa = PBXBuildFile; fileRef = D45021AD2AACBA5000A3DAE4 /* SpeechRecognizer.swift */; };
		D45021C22AACF6B400A3DAE4 /* SpeechService.swift in Sources */ = {isa = PBXBuildFile; fileRef = D450219F2AAC704500A3DAE4 /* SpeechService.swift */; };
		D46DFBED2AAB375D00595627 /* AppDelegate.swift in Sources */ = {isa = PBXBuildFile; fileRef = D46DFBEC2AAB375D00595627 /* AppDelegate.swift */; };
		D46DFBEF2AAB375D00595627 /* SceneDelegate.swift in Sources */ = {isa = PBXBuildFile; fileRef = D46DFBEE2AAB375D00595627 /* SceneDelegate.swift */; };
		D46DFBF72AAB375D00595627 /* CoreDataStorage.xcdatamodeld in Sources */ = {isa = PBXBuildFile; fileRef = D46DFBF52AAB375D00595627 /* CoreDataStorage.xcdatamodeld */; };
		D46DFBF92AAB376000595627 /* Assets.xcassets in Resources */ = {isa = PBXBuildFile; fileRef = D46DFBF82AAB376000595627 /* Assets.xcassets */; };
		D46DFBFC2AAB376000595627 /* LaunchScreen.storyboard in Resources */ = {isa = PBXBuildFile; fileRef = D46DFBFA2AAB376000595627 /* LaunchScreen.storyboard */; };
		D46DFC072AAB376100595627 /* Speech_To_TextTests.swift in Sources */ = {isa = PBXBuildFile; fileRef = D46DFC062AAB376100595627 /* Speech_To_TextTests.swift */; };
		D46DFC112AAB376100595627 /* Speech_To_TextUITests.swift in Sources */ = {isa = PBXBuildFile; fileRef = D46DFC102AAB376100595627 /* Speech_To_TextUITests.swift */; };
		D46DFC132AAB376100595627 /* Speech_To_TextUITestsLaunchTests.swift in Sources */ = {isa = PBXBuildFile; fileRef = D46DFC122AAB376100595627 /* Speech_To_TextUITestsLaunchTests.swift */; };
		D48027442AAD183A008E3A9E /* SpeechRepository.swift in Sources */ = {isa = PBXBuildFile; fileRef = D48027432AAD183A008E3A9E /* SpeechRepository.swift */; };
		D48027462AAD1928008E3A9E /* SplashRepositoryImpl.swift in Sources */ = {isa = PBXBuildFile; fileRef = D48027452AAD1928008E3A9E /* SplashRepositoryImpl.swift */; };
		D48027482AAD1A92008E3A9E /* SplashUsecase.swift in Sources */ = {isa = PBXBuildFile; fileRef = D48027472AAD1A92008E3A9E /* SplashUsecase.swift */; };
		D480274C2AAD1BF5008E3A9E /* BaseViewController.swift in Sources */ = {isa = PBXBuildFile; fileRef = D480274B2AAD1BF5008E3A9E /* BaseViewController.swift */; };
		D480274E2AAD1C23008E3A9E /* ViewModelBindable.swift in Sources */ = {isa = PBXBuildFile; fileRef = D480274D2AAD1C23008E3A9E /* ViewModelBindable.swift */; };
		D48027512AAD2168008E3A9E /* TransitionStyle.swift in Sources */ = {isa = PBXBuildFile; fileRef = D48027502AAD2168008E3A9E /* TransitionStyle.swift */; };
		D48027532AAD2182008E3A9E /* Scene.swift in Sources */ = {isa = PBXBuildFile; fileRef = D48027522AAD2182008E3A9E /* Scene.swift */; };
		D48027582AAD2531008E3A9E /* SpeechRepository.swift in Sources */ = {isa = PBXBuildFile; fileRef = D48027432AAD183A008E3A9E /* SpeechRepository.swift */; };
		D4F958C02AAFCA8500372D9E /* Coordinator.swift in Sources */ = {isa = PBXBuildFile; fileRef = D4F958BF2AAFCA8500372D9E /* Coordinator.swift */; };
		D4F958C42AAFD56D00372D9E /* Log.swift in Sources */ = {isa = PBXBuildFile; fileRef = D4F958C32AAFD56D00372D9E /* Log.swift */; };
		D4F958C62AAFDB3000372D9E /* Record.swift in Sources */ = {isa = PBXBuildFile; fileRef = D4F958C52AAFDB3000372D9E /* Record.swift */; };
		D4F958C82AAFDBDB00372D9E /* CoreDataStorage.swift in Sources */ = {isa = PBXBuildFile; fileRef = D4F958C72AAFDBDB00372D9E /* CoreDataStorage.swift */; };
		D4F958CB2AAFF12200372D9E /* SpeechStorage.swift in Sources */ = {isa = PBXBuildFile; fileRef = D4F958CA2AAFF12200372D9E /* SpeechStorage.swift */; };
		D4F958CE2AAFF1FE00372D9E /* CoreDataSpeechStorage.swift in Sources */ = {isa = PBXBuildFile; fileRef = D4F958CD2AAFF1FE00372D9E /* CoreDataSpeechStorage.swift */; };
/* End PBXBuildFile section */

/* Begin PBXContainerItemProxy section */
		D46DFC032AAB376100595627 /* PBXContainerItemProxy */ = {
			isa = PBXContainerItemProxy;
			containerPortal = D46DFBE12AAB375D00595627 /* Project object */;
			proxyType = 1;
			remoteGlobalIDString = D46DFBE82AAB375D00595627;
			remoteInfo = "Speech-To-Text";
		};
		D46DFC0D2AAB376100595627 /* PBXContainerItemProxy */ = {
			isa = PBXContainerItemProxy;
			containerPortal = D46DFBE12AAB375D00595627 /* Project object */;
			proxyType = 1;
			remoteGlobalIDString = D46DFBE82AAB375D00595627;
			remoteInfo = "Speech-To-Text";
		};
/* End PBXContainerItemProxy section */

/* Begin PBXFileReference section */
		D45021882AAB40A400A3DAE4 /* ViewModel.swift */ = {isa = PBXFileReference; lastKnownFileType = sourcecode.swift; path = ViewModel.swift; sourceTree = "<group>"; };
		D45021912AAB4D9700A3DAE4 /* SplashViewModel.swift */ = {isa = PBXFileReference; lastKnownFileType = sourcecode.swift; path = SplashViewModel.swift; sourceTree = "<group>"; };
		D450219F2AAC704500A3DAE4 /* SpeechService.swift */ = {isa = PBXFileReference; lastKnownFileType = sourcecode.swift; path = SpeechService.swift; sourceTree = "<group>"; };
		D45021A52AAC964200A3DAE4 /* AppDIContainer.swift */ = {isa = PBXFileReference; lastKnownFileType = sourcecode.swift; path = AppDIContainer.swift; sourceTree = "<group>"; };
		D45021A72AAC97F700A3DAE4 /* AppCoordinator.swift */ = {isa = PBXFileReference; lastKnownFileType = sourcecode.swift; path = AppCoordinator.swift; sourceTree = "<group>"; };
		D45021A92AAC989F00A3DAE4 /* SplashViewController.swift */ = {isa = PBXFileReference; lastKnownFileType = sourcecode.swift; path = SplashViewController.swift; sourceTree = "<group>"; };
		D45021AB2AACB4FB00A3DAE4 /* SpeechServiceError.swift */ = {isa = PBXFileReference; lastKnownFileType = sourcecode.swift; path = SpeechServiceError.swift; sourceTree = "<group>"; };
		D45021AD2AACBA5000A3DAE4 /* SpeechRecognizer.swift */ = {isa = PBXFileReference; lastKnownFileType = sourcecode.swift; path = SpeechRecognizer.swift; sourceTree = "<group>"; };
		D45021AF2AACEB8400A3DAE4 /* SpeechRequest.swift */ = {isa = PBXFileReference; lastKnownFileType = sourcecode.swift; path = SpeechRequest.swift; sourceTree = "<group>"; };
		D45021B12AACEFF100A3DAE4 /* SpeechRecognizerError.swift */ = {isa = PBXFileReference; lastKnownFileType = sourcecode.swift; path = SpeechRecognizerError.swift; sourceTree = "<group>"; };
		D45021B52AACF18300A3DAE4 /* SpeechConfig.swift */ = {isa = PBXFileReference; lastKnownFileType = sourcecode.swift; path = SpeechConfig.swift; sourceTree = "<group>"; };
		D45021B72AACF68200A3DAE4 /* SpeechServiceTests.swift */ = {isa = PBXFileReference; lastKnownFileType = sourcecode.swift; path = SpeechServiceTests.swift; sourceTree = "<group>"; };
		D45021BB2AACF69500A3DAE4 /* SpeechRecognizerMock.swift */ = {isa = PBXFileReference; lastKnownFileType = sourcecode.swift; path = SpeechRecognizerMock.swift; sourceTree = "<group>"; };
		D46DFBE92AAB375D00595627 /* Speech-To-Text.app */ = {isa = PBXFileReference; explicitFileType = wrapper.application; includeInIndex = 0; path = "Speech-To-Text.app"; sourceTree = BUILT_PRODUCTS_DIR; };
		D46DFBEC2AAB375D00595627 /* AppDelegate.swift */ = {isa = PBXFileReference; lastKnownFileType = sourcecode.swift; path = AppDelegate.swift; sourceTree = "<group>"; };
		D46DFBEE2AAB375D00595627 /* SceneDelegate.swift */ = {isa = PBXFileReference; lastKnownFileType = sourcecode.swift; path = SceneDelegate.swift; sourceTree = "<group>"; };
		D46DFBF62AAB375D00595627 /* Speech_To_Text.xcdatamodel */ = {isa = PBXFileReference; lastKnownFileType = wrapper.xcdatamodel; path = Speech_To_Text.xcdatamodel; sourceTree = "<group>"; };
		D46DFBF82AAB376000595627 /* Assets.xcassets */ = {isa = PBXFileReference; lastKnownFileType = folder.assetcatalog; path = Assets.xcassets; sourceTree = "<group>"; };
		D46DFBFB2AAB376000595627 /* Base */ = {isa = PBXFileReference; lastKnownFileType = file.storyboard; name = Base; path = Base.lproj/LaunchScreen.storyboard; sourceTree = "<group>"; };
		D46DFBFD2AAB376000595627 /* Info.plist */ = {isa = PBXFileReference; lastKnownFileType = text.plist.xml; path = Info.plist; sourceTree = "<group>"; };
		D46DFC022AAB376100595627 /* Speech-To-TextTests.xctest */ = {isa = PBXFileReference; explicitFileType = wrapper.cfbundle; includeInIndex = 0; path = "Speech-To-TextTests.xctest"; sourceTree = BUILT_PRODUCTS_DIR; };
		D46DFC062AAB376100595627 /* Speech_To_TextTests.swift */ = {isa = PBXFileReference; lastKnownFileType = sourcecode.swift; path = Speech_To_TextTests.swift; sourceTree = "<group>"; };
		D46DFC0C2AAB376100595627 /* Speech-To-TextUITests.xctest */ = {isa = PBXFileReference; explicitFileType = wrapper.cfbundle; includeInIndex = 0; path = "Speech-To-TextUITests.xctest"; sourceTree = BUILT_PRODUCTS_DIR; };
		D46DFC102AAB376100595627 /* Speech_To_TextUITests.swift */ = {isa = PBXFileReference; lastKnownFileType = sourcecode.swift; path = Speech_To_TextUITests.swift; sourceTree = "<group>"; };
		D46DFC122AAB376100595627 /* Speech_To_TextUITestsLaunchTests.swift */ = {isa = PBXFileReference; lastKnownFileType = sourcecode.swift; path = Speech_To_TextUITestsLaunchTests.swift; sourceTree = "<group>"; };
		D48027432AAD183A008E3A9E /* SpeechRepository.swift */ = {isa = PBXFileReference; lastKnownFileType = sourcecode.swift; path = SpeechRepository.swift; sourceTree = "<group>"; };
		D48027452AAD1928008E3A9E /* SplashRepositoryImpl.swift */ = {isa = PBXFileReference; lastKnownFileType = sourcecode.swift; path = SplashRepositoryImpl.swift; sourceTree = "<group>"; };
		D48027472AAD1A92008E3A9E /* SplashUsecase.swift */ = {isa = PBXFileReference; lastKnownFileType = sourcecode.swift; path = SplashUsecase.swift; sourceTree = "<group>"; };
		D480274B2AAD1BF5008E3A9E /* BaseViewController.swift */ = {isa = PBXFileReference; lastKnownFileType = sourcecode.swift; path = BaseViewController.swift; sourceTree = "<group>"; };
		D480274D2AAD1C23008E3A9E /* ViewModelBindable.swift */ = {isa = PBXFileReference; lastKnownFileType = sourcecode.swift; path = ViewModelBindable.swift; sourceTree = "<group>"; };
		D48027502AAD2168008E3A9E /* TransitionStyle.swift */ = {isa = PBXFileReference; lastKnownFileType = sourcecode.swift; path = TransitionStyle.swift; sourceTree = "<group>"; };
		D48027522AAD2182008E3A9E /* Scene.swift */ = {isa = PBXFileReference; lastKnownFileType = sourcecode.swift; path = Scene.swift; sourceTree = "<group>"; };
		D4F958BF2AAFCA8500372D9E /* Coordinator.swift */ = {isa = PBXFileReference; lastKnownFileType = sourcecode.swift; path = Coordinator.swift; sourceTree = "<group>"; };
		D4F958C32AAFD56D00372D9E /* Log.swift */ = {isa = PBXFileReference; lastKnownFileType = sourcecode.swift; path = Log.swift; sourceTree = "<group>"; };
		D4F958C52AAFDB3000372D9E /* Record.swift */ = {isa = PBXFileReference; lastKnownFileType = sourcecode.swift; path = Record.swift; sourceTree = "<group>"; };
		D4F958C72AAFDBDB00372D9E /* CoreDataStorage.swift */ = {isa = PBXFileReference; lastKnownFileType = sourcecode.swift; path = CoreDataStorage.swift; sourceTree = "<group>"; };
		D4F958CA2AAFF12200372D9E /* SpeechStorage.swift */ = {isa = PBXFileReference; lastKnownFileType = sourcecode.swift; path = SpeechStorage.swift; sourceTree = "<group>"; };
		D4F958CD2AAFF1FE00372D9E /* CoreDataSpeechStorage.swift */ = {isa = PBXFileReference; lastKnownFileType = sourcecode.swift; path = CoreDataSpeechStorage.swift; sourceTree = "<group>"; };
/* End PBXFileReference section */

/* Begin PBXFrameworksBuildPhase section */
		D46DFBE62AAB375D00595627 /* Frameworks */ = {
			isa = PBXFrameworksBuildPhase;
			buildActionMask = 2147483647;
			files = (
				D45021972AAB4DF600A3DAE4 /* RxSwift in Frameworks */,
				D45021952AAB4DF600A3DAE4 /* RxCocoa in Frameworks */,
			);
			runOnlyForDeploymentPostprocessing = 0;
		};
		D46DFBFF2AAB376100595627 /* Frameworks */ = {
			isa = PBXFrameworksBuildPhase;
			buildActionMask = 2147483647;
			files = (
			);
			runOnlyForDeploymentPostprocessing = 0;
		};
		D46DFC092AAB376100595627 /* Frameworks */ = {
			isa = PBXFrameworksBuildPhase;
			buildActionMask = 2147483647;
			files = (
			);
			runOnlyForDeploymentPostprocessing = 0;
		};
/* End PBXFrameworksBuildPhase section */

/* Begin PBXGroup section */
		D45021842AAB3C8B00A3DAE4 /* Application */ = {
			isa = PBXGroup;
			children = (
				D4F958BE2AAFCA7500372D9E /* Coordinator */,
				D45021A42AAC963A00A3DAE4 /* DI */,
				D46DFBEC2AAB375D00595627 /* AppDelegate.swift */,
				D46DFBEE2AAB375D00595627 /* SceneDelegate.swift */,
			);
			path = Application;
			sourceTree = "<group>";
		};
		D45021862AAB3C9700A3DAE4 /* Resources */ = {
			isa = PBXGroup;
			children = (
				D46DFBFA2AAB376000595627 /* LaunchScreen.storyboard */,
				D46DFBF82AAB376000595627 /* Assets.xcassets */,
				D46DFBFD2AAB376000595627 /* Info.plist */,
			);
			path = Resources;
			sourceTree = "<group>";
		};
		D45021872AAB409700A3DAE4 /* Presentation */ = {
			isa = PBXGroup;
			children = (
				D45021982AAB4EEB00A3DAE4 /* Common */,
				D450218E2AAB4D7D00A3DAE4 /* SplashScene */,
			);
			path = Presentation;
			sourceTree = "<group>";
		};
		D450218A2AAB40D600A3DAE4 /* Domain */ = {
			isa = PBXGroup;
			children = (
				D450218D2AAB40F700A3DAE4 /* Entities */,
				D48027422AAD1825008E3A9E /* Usecases */,
				D48027412AAD181A008E3A9E /* Repositories */,
			);
			path = Domain;
			sourceTree = "<group>";
		};
		D450218B2AAB40DD00A3DAE4 /* Data */ = {
			isa = PBXGroup;
			children = (
				D450218C2AAB40E900A3DAE4 /* Repositories */,
				D48027592AAD2B60008E3A9E /* Storage */,
			);
			path = Data;
			sourceTree = "<group>";
		};
		D450218C2AAB40E900A3DAE4 /* Repositories */ = {
			isa = PBXGroup;
			children = (
				D48027452AAD1928008E3A9E /* SplashRepositoryImpl.swift */,
			);
			path = Repositories;
			sourceTree = "<group>";
		};
		D450218D2AAB40F700A3DAE4 /* Entities */ = {
			isa = PBXGroup;
			children = (
				D4F958C52AAFDB3000372D9E /* Record.swift */,
			);
			path = Entities;
			sourceTree = "<group>";
		};
		D450218E2AAB4D7D00A3DAE4 /* SplashScene */ = {
			isa = PBXGroup;
			children = (
				D450218F2AAB4D8700A3DAE4 /* ViewModel */,
				D45021902AAB4D8D00A3DAE4 /* View */,
			);
			path = SplashScene;
			sourceTree = "<group>";
		};
		D450218F2AAB4D8700A3DAE4 /* ViewModel */ = {
			isa = PBXGroup;
			children = (
				D45021912AAB4D9700A3DAE4 /* SplashViewModel.swift */,
			);
			path = ViewModel;
			sourceTree = "<group>";
		};
		D45021902AAB4D8D00A3DAE4 /* View */ = {
			isa = PBXGroup;
			children = (
				D45021A92AAC989F00A3DAE4 /* SplashViewController.swift */,
			);
			path = View;
			sourceTree = "<group>";
		};
		D45021982AAB4EEB00A3DAE4 /* Common */ = {
			isa = PBXGroup;
			children = (
				D48027492AAD1BE5008E3A9E /* ViewModel */,
				D480274A2AAD1BEB008E3A9E /* View */,
				D480274F2AAD214F008E3A9E /* Utils */,
			);
			path = Common;
			sourceTree = "<group>";
		};
		D45021992AAC6D9000A3DAE4 /* Infrastructure */ = {
			isa = PBXGroup;
			children = (
				D450219A2AAC6D9A00A3DAE4 /* Speech */,
			);
			path = Infrastructure;
			sourceTree = "<group>";
		};
		D450219A2AAC6D9A00A3DAE4 /* Speech */ = {
			isa = PBXGroup;
			children = (
				D45021A12AAC74AC00A3DAE4 /* Error */,
				D45021B52AACF18300A3DAE4 /* SpeechConfig.swift */,
				D45021AF2AACEB8400A3DAE4 /* SpeechRequest.swift */,
				D45021AD2AACBA5000A3DAE4 /* SpeechRecognizer.swift */,
				D450219F2AAC704500A3DAE4 /* SpeechService.swift */,
			);
			path = Speech;
			sourceTree = "<group>";
		};
		D45021A12AAC74AC00A3DAE4 /* Error */ = {
			isa = PBXGroup;
			children = (
				D45021AB2AACB4FB00A3DAE4 /* SpeechServiceError.swift */,
				D45021B12AACEFF100A3DAE4 /* SpeechRecognizerError.swift */,
			);
			path = Error;
			sourceTree = "<group>";
		};
		D45021A42AAC963A00A3DAE4 /* DI */ = {
			isa = PBXGroup;
			children = (
				D45021A52AAC964200A3DAE4 /* AppDIContainer.swift */,
			);
			path = DI;
			sourceTree = "<group>";
		};
		D45021B92AACF68600A3DAE4 /* Speech */ = {
			isa = PBXGroup;
			children = (
				D45021BA2AACF68B00A3DAE4 /* Mock */,
				D45021B72AACF68200A3DAE4 /* SpeechServiceTests.swift */,
			);
			path = Speech;
			sourceTree = "<group>";
		};
		D45021BA2AACF68B00A3DAE4 /* Mock */ = {
			isa = PBXGroup;
			children = (
				D45021BB2AACF69500A3DAE4 /* SpeechRecognizerMock.swift */,
			);
			path = Mock;
			sourceTree = "<group>";
		};
		D46DFBE02AAB375D00595627 = {
			isa = PBXGroup;
			children = (
				D46DFBEB2AAB375D00595627 /* Speech-To-Text */,
				D46DFC052AAB376100595627 /* Speech-To-TextTests */,
				D46DFC0F2AAB376100595627 /* Speech-To-TextUITests */,
				D46DFBEA2AAB375D00595627 /* Products */,
			);
			sourceTree = "<group>";
		};
		D46DFBEA2AAB375D00595627 /* Products */ = {
			isa = PBXGroup;
			children = (
				D46DFBE92AAB375D00595627 /* Speech-To-Text.app */,
				D46DFC022AAB376100595627 /* Speech-To-TextTests.xctest */,
				D46DFC0C2AAB376100595627 /* Speech-To-TextUITests.xctest */,
			);
			name = Products;
			sourceTree = "<group>";
		};
		D46DFBEB2AAB375D00595627 /* Speech-To-Text */ = {
			isa = PBXGroup;
			children = (
				D45021842AAB3C8B00A3DAE4 /* Application */,
				D450218B2AAB40DD00A3DAE4 /* Data */,
				D450218A2AAB40D600A3DAE4 /* Domain */,
				D45021872AAB409700A3DAE4 /* Presentation */,
				D45021992AAC6D9000A3DAE4 /* Infrastructure */,
				D4F958C12AAFD55C00372D9E /* Utils */,
				D45021862AAB3C9700A3DAE4 /* Resources */,
			);
			path = "Speech-To-Text";
			sourceTree = "<group>";
		};
		D46DFC052AAB376100595627 /* Speech-To-TextTests */ = {
			isa = PBXGroup;
			children = (
				D48027542AAD24B4008E3A9E /* Domain */,
				D45021B92AACF68600A3DAE4 /* Speech */,
				D46DFC062AAB376100595627 /* Speech_To_TextTests.swift */,
			);
			path = "Speech-To-TextTests";
			sourceTree = "<group>";
		};
		D46DFC0F2AAB376100595627 /* Speech-To-TextUITests */ = {
			isa = PBXGroup;
			children = (
				D46DFC102AAB376100595627 /* Speech_To_TextUITests.swift */,
				D46DFC122AAB376100595627 /* Speech_To_TextUITestsLaunchTests.swift */,
			);
			path = "Speech-To-TextUITests";
			sourceTree = "<group>";
		};
		D48027412AAD181A008E3A9E /* Repositories */ = {
			isa = PBXGroup;
			children = (
				D48027432AAD183A008E3A9E /* SpeechRepository.swift */,
			);
			path = Repositories;
			sourceTree = "<group>";
		};
		D48027422AAD1825008E3A9E /* Usecases */ = {
			isa = PBXGroup;
			children = (
				D48027472AAD1A92008E3A9E /* SplashUsecase.swift */,
			);
			path = Usecases;
			sourceTree = "<group>";
		};
		D48027492AAD1BE5008E3A9E /* ViewModel */ = {
			isa = PBXGroup;
			children = (
				D45021882AAB40A400A3DAE4 /* ViewModel.swift */,
			);
			path = ViewModel;
			sourceTree = "<group>";
		};
		D480274A2AAD1BEB008E3A9E /* View */ = {
			isa = PBXGroup;
			children = (
				D480274B2AAD1BF5008E3A9E /* BaseViewController.swift */,
			);
			path = View;
			sourceTree = "<group>";
		};
		D480274F2AAD214F008E3A9E /* Utils */ = {
			isa = PBXGroup;
			children = (
				D480274D2AAD1C23008E3A9E /* ViewModelBindable.swift */,
				D48027502AAD2168008E3A9E /* TransitionStyle.swift */,
				D48027522AAD2182008E3A9E /* Scene.swift */,
			);
			path = Utils;
			sourceTree = "<group>";
		};
		D48027542AAD24B4008E3A9E /* Domain */ = {
			isa = PBXGroup;
			children = (
				D48027552AAD24DD008E3A9E /* Usecase */,
			);
			path = Domain;
			sourceTree = "<group>";
		};
		D48027552AAD24DD008E3A9E /* Usecase */ = {
			isa = PBXGroup;
			children = (
			);
			path = Usecase;
			sourceTree = "<group>";
		};
		D48027592AAD2B60008E3A9E /* Storage */ = {
			isa = PBXGroup;
			children = (
				D4F958C92AAFF10D00372D9E /* CoreData */,
				D4F958CC2AAFF1E800372D9E /* SpeechStorage */,
			);
			path = Storage;
			sourceTree = "<group>";
		};
		D4F958BE2AAFCA7500372D9E /* Coordinator */ = {
			isa = PBXGroup;
			children = (
				D4F958BF2AAFCA8500372D9E /* Coordinator.swift */,
				D45021A72AAC97F700A3DAE4 /* AppCoordinator.swift */,
			);
			path = Coordinator;
			sourceTree = "<group>";
		};
		D4F958C12AAFD55C00372D9E /* Utils */ = {
			isa = PBXGroup;
			children = (
				D4F958C22AAFD56700372D9E /* Log */,
			);
			path = Utils;
			sourceTree = "<group>";
		};
		D4F958C22AAFD56700372D9E /* Log */ = {
			isa = PBXGroup;
			children = (
				D4F958C32AAFD56D00372D9E /* Log.swift */,
			);
			path = Log;
			sourceTree = "<group>";
		};
		D4F958C92AAFF10D00372D9E /* CoreData */ = {
			isa = PBXGroup;
			children = (
				D46DFBF52AAB375D00595627 /* CoreDataStorage.xcdatamodeld */,
				D4F958C72AAFDBDB00372D9E /* CoreDataStorage.swift */,
			);
			path = CoreData;
			sourceTree = "<group>";
		};
		D4F958CC2AAFF1E800372D9E /* SpeechStorage */ = {
			isa = PBXGroup;
			children = (
				D4F958CA2AAFF12200372D9E /* SpeechStorage.swift */,
				D4F958CD2AAFF1FE00372D9E /* CoreDataSpeechStorage.swift */,
			);
			path = SpeechStorage;
			sourceTree = "<group>";
		};
/* End PBXGroup section */

/* Begin PBXNativeTarget section */
		D46DFBE82AAB375D00595627 /* Speech-To-Text */ = {
			isa = PBXNativeTarget;
			buildConfigurationList = D46DFC162AAB376100595627 /* Build configuration list for PBXNativeTarget "Speech-To-Text" */;
			buildPhases = (
				D46DFBE52AAB375D00595627 /* Sources */,
				D46DFBE62AAB375D00595627 /* Frameworks */,
				D46DFBE72AAB375D00595627 /* Resources */,
			);
			buildRules = (
			);
			dependencies = (
			);
			name = "Speech-To-Text";
			packageProductDependencies = (
				D45021942AAB4DF600A3DAE4 /* RxCocoa */,
				D45021962AAB4DF600A3DAE4 /* RxSwift */,
			);
			productName = "Speech-To-Text";
			productReference = D46DFBE92AAB375D00595627 /* Speech-To-Text.app */;
			productType = "com.apple.product-type.application";
		};
		D46DFC012AAB376100595627 /* Speech-To-TextTests */ = {
			isa = PBXNativeTarget;
			buildConfigurationList = D46DFC192AAB376100595627 /* Build configuration list for PBXNativeTarget "Speech-To-TextTests" */;
			buildPhases = (
				D46DFBFE2AAB376100595627 /* Sources */,
				D46DFBFF2AAB376100595627 /* Frameworks */,
				D46DFC002AAB376100595627 /* Resources */,
			);
			buildRules = (
			);
			dependencies = (
				D46DFC042AAB376100595627 /* PBXTargetDependency */,
			);
			name = "Speech-To-TextTests";
			productName = "Speech-To-TextTests";
			productReference = D46DFC022AAB376100595627 /* Speech-To-TextTests.xctest */;
			productType = "com.apple.product-type.bundle.unit-test";
		};
		D46DFC0B2AAB376100595627 /* Speech-To-TextUITests */ = {
			isa = PBXNativeTarget;
			buildConfigurationList = D46DFC1C2AAB376100595627 /* Build configuration list for PBXNativeTarget "Speech-To-TextUITests" */;
			buildPhases = (
				D46DFC082AAB376100595627 /* Sources */,
				D46DFC092AAB376100595627 /* Frameworks */,
				D46DFC0A2AAB376100595627 /* Resources */,
			);
			buildRules = (
			);
			dependencies = (
				D46DFC0E2AAB376100595627 /* PBXTargetDependency */,
			);
			name = "Speech-To-TextUITests";
			productName = "Speech-To-TextUITests";
			productReference = D46DFC0C2AAB376100595627 /* Speech-To-TextUITests.xctest */;
			productType = "com.apple.product-type.bundle.ui-testing";
		};
/* End PBXNativeTarget section */

/* Begin PBXProject section */
		D46DFBE12AAB375D00595627 /* Project object */ = {
			isa = PBXProject;
			attributes = {
				BuildIndependentTargetsInParallel = 1;
				LastSwiftUpdateCheck = 1430;
				LastUpgradeCheck = 1430;
				TargetAttributes = {
					D46DFBE82AAB375D00595627 = {
						CreatedOnToolsVersion = 14.3.1;
					};
					D46DFC012AAB376100595627 = {
						CreatedOnToolsVersion = 14.3.1;
						TestTargetID = D46DFBE82AAB375D00595627;
					};
					D46DFC0B2AAB376100595627 = {
						CreatedOnToolsVersion = 14.3.1;
						TestTargetID = D46DFBE82AAB375D00595627;
					};
				};
			};
			buildConfigurationList = D46DFBE42AAB375D00595627 /* Build configuration list for PBXProject "Speech-To-Text" */;
			compatibilityVersion = "Xcode 14.0";
			developmentRegion = en;
			hasScannedForEncodings = 0;
			knownRegions = (
				en,
				Base,
			);
			mainGroup = D46DFBE02AAB375D00595627;
			packageReferences = (
				D45021932AAB4DF600A3DAE4 /* XCRemoteSwiftPackageReference "RxSwift" */,
			);
			productRefGroup = D46DFBEA2AAB375D00595627 /* Products */;
			projectDirPath = "";
			projectRoot = "";
			targets = (
				D46DFBE82AAB375D00595627 /* Speech-To-Text */,
				D46DFC012AAB376100595627 /* Speech-To-TextTests */,
				D46DFC0B2AAB376100595627 /* Speech-To-TextUITests */,
			);
		};
/* End PBXProject section */

/* Begin PBXResourcesBuildPhase section */
		D46DFBE72AAB375D00595627 /* Resources */ = {
			isa = PBXResourcesBuildPhase;
			buildActionMask = 2147483647;
			files = (
				D46DFBFC2AAB376000595627 /* LaunchScreen.storyboard in Resources */,
				D46DFBF92AAB376000595627 /* Assets.xcassets in Resources */,
			);
			runOnlyForDeploymentPostprocessing = 0;
		};
		D46DFC002AAB376100595627 /* Resources */ = {
			isa = PBXResourcesBuildPhase;
			buildActionMask = 2147483647;
			files = (
			);
			runOnlyForDeploymentPostprocessing = 0;
		};
		D46DFC0A2AAB376100595627 /* Resources */ = {
			isa = PBXResourcesBuildPhase;
			buildActionMask = 2147483647;
			files = (
			);
			runOnlyForDeploymentPostprocessing = 0;
		};
/* End PBXResourcesBuildPhase section */

/* Begin PBXSourcesBuildPhase section */
		D46DFBE52AAB375D00595627 /* Sources */ = {
			isa = PBXSourcesBuildPhase;
			buildActionMask = 2147483647;
			files = (
				D45021A82AAC97F700A3DAE4 /* AppCoordinator.swift in Sources */,
				D48027482AAD1A92008E3A9E /* SplashUsecase.swift in Sources */,
				D45021922AAB4D9700A3DAE4 /* SplashViewModel.swift in Sources */,
				D4F958CB2AAFF12200372D9E /* SpeechStorage.swift in Sources */,
				D480274E2AAD1C23008E3A9E /* ViewModelBindable.swift in Sources */,
				D48027462AAD1928008E3A9E /* SplashRepositoryImpl.swift in Sources */,
				D46DFBF72AAB375D00595627 /* CoreDataStorage.xcdatamodeld in Sources */,
				D4F958C02AAFCA8500372D9E /* Coordinator.swift in Sources */,
				D480274C2AAD1BF5008E3A9E /* BaseViewController.swift in Sources */,
				D45021AA2AAC989F00A3DAE4 /* SplashViewController.swift in Sources */,
				D4F958C42AAFD56D00372D9E /* Log.swift in Sources */,
				D45021A62AAC964200A3DAE4 /* AppDIContainer.swift in Sources */,
				D46DFBED2AAB375D00595627 /* AppDelegate.swift in Sources */,
				D45021B22AACEFF100A3DAE4 /* SpeechRecognizerError.swift in Sources */,
				D48027532AAD2182008E3A9E /* Scene.swift in Sources */,
				D4F958C62AAFDB3000372D9E /* Record.swift in Sources */,
				D4F958C82AAFDBDB00372D9E /* CoreDataStorage.swift in Sources */,
				D45021B62AACF18300A3DAE4 /* SpeechConfig.swift in Sources */,
				D48027512AAD2168008E3A9E /* TransitionStyle.swift in Sources */,
				D45021892AAB40A400A3DAE4 /* ViewModel.swift in Sources */,
				D45021AE2AACBA5000A3DAE4 /* SpeechRecognizer.swift in Sources */,
				D48027442AAD183A008E3A9E /* SpeechRepository.swift in Sources */,
				D46DFBEF2AAB375D00595627 /* SceneDelegate.swift in Sources */,
				D4F958CE2AAFF1FE00372D9E /* CoreDataSpeechStorage.swift in Sources */,
				D45021A02AAC704500A3DAE4 /* SpeechService.swift in Sources */,
				D45021AC2AACB4FB00A3DAE4 /* SpeechServiceError.swift in Sources */,
				D45021B02AACEB8400A3DAE4 /* SpeechRequest.swift in Sources */,
			);
			runOnlyForDeploymentPostprocessing = 0;
		};
		D46DFBFE2AAB376100595627 /* Sources */ = {
			isa = PBXSourcesBuildPhase;
			buildActionMask = 2147483647;
			files = (
				D48027582AAD2531008E3A9E /* SpeechRepository.swift in Sources */,
				D45021BD2AACF6B400A3DAE4 /* SpeechServiceError.swift in Sources */,
				D45021BE2AACF6B400A3DAE4 /* SpeechRecognizerError.swift in Sources */,
				D45021BF2AACF6B400A3DAE4 /* SpeechConfig.swift in Sources */,
				D45021C02AACF6B400A3DAE4 /* SpeechRequest.swift in Sources */,
				D45021C12AACF6B400A3DAE4 /* SpeechRecognizer.swift in Sources */,
				D45021C22AACF6B400A3DAE4 /* SpeechService.swift in Sources */,
				D46DFC072AAB376100595627 /* Speech_To_TextTests.swift in Sources */,
				D45021B82AACF68200A3DAE4 /* SpeechServiceTests.swift in Sources */,
				D45021BC2AACF69500A3DAE4 /* SpeechRecognizerMock.swift in Sources */,
			);
			runOnlyForDeploymentPostprocessing = 0;
		};
		D46DFC082AAB376100595627 /* Sources */ = {
			isa = PBXSourcesBuildPhase;
			buildActionMask = 2147483647;
			files = (
				D46DFC132AAB376100595627 /* Speech_To_TextUITestsLaunchTests.swift in Sources */,
				D46DFC112AAB376100595627 /* Speech_To_TextUITests.swift in Sources */,
			);
			runOnlyForDeploymentPostprocessing = 0;
		};
/* End PBXSourcesBuildPhase section */

/* Begin PBXTargetDependency section */
		D46DFC042AAB376100595627 /* PBXTargetDependency */ = {
			isa = PBXTargetDependency;
			target = D46DFBE82AAB375D00595627 /* Speech-To-Text */;
			targetProxy = D46DFC032AAB376100595627 /* PBXContainerItemProxy */;
		};
		D46DFC0E2AAB376100595627 /* PBXTargetDependency */ = {
			isa = PBXTargetDependency;
			target = D46DFBE82AAB375D00595627 /* Speech-To-Text */;
			targetProxy = D46DFC0D2AAB376100595627 /* PBXContainerItemProxy */;
		};
/* End PBXTargetDependency section */

/* Begin PBXVariantGroup section */
		D46DFBFA2AAB376000595627 /* LaunchScreen.storyboard */ = {
			isa = PBXVariantGroup;
			children = (
				D46DFBFB2AAB376000595627 /* Base */,
			);
			name = LaunchScreen.storyboard;
			sourceTree = "<group>";
		};
/* End PBXVariantGroup section */

/* Begin XCBuildConfiguration section */
		D46DFC142AAB376100595627 /* Debug */ = {
			isa = XCBuildConfiguration;
			buildSettings = {
				ALWAYS_SEARCH_USER_PATHS = NO;
				CLANG_ANALYZER_NONNULL = YES;
				CLANG_ANALYZER_NUMBER_OBJECT_CONVERSION = YES_AGGRESSIVE;
				CLANG_CXX_LANGUAGE_STANDARD = "gnu++20";
				CLANG_ENABLE_MODULES = YES;
				CLANG_ENABLE_OBJC_ARC = YES;
				CLANG_ENABLE_OBJC_WEAK = YES;
				CLANG_WARN_BLOCK_CAPTURE_AUTORELEASING = YES;
				CLANG_WARN_BOOL_CONVERSION = YES;
				CLANG_WARN_COMMA = YES;
				CLANG_WARN_CONSTANT_CONVERSION = YES;
				CLANG_WARN_DEPRECATED_OBJC_IMPLEMENTATIONS = YES;
				CLANG_WARN_DIRECT_OBJC_ISA_USAGE = YES_ERROR;
				CLANG_WARN_DOCUMENTATION_COMMENTS = YES;
				CLANG_WARN_EMPTY_BODY = YES;
				CLANG_WARN_ENUM_CONVERSION = YES;
				CLANG_WARN_INFINITE_RECURSION = YES;
				CLANG_WARN_INT_CONVERSION = YES;
				CLANG_WARN_NON_LITERAL_NULL_CONVERSION = YES;
				CLANG_WARN_OBJC_IMPLICIT_RETAIN_SELF = YES;
				CLANG_WARN_OBJC_LITERAL_CONVERSION = YES;
				CLANG_WARN_OBJC_ROOT_CLASS = YES_ERROR;
				CLANG_WARN_QUOTED_INCLUDE_IN_FRAMEWORK_HEADER = YES;
				CLANG_WARN_RANGE_LOOP_ANALYSIS = YES;
				CLANG_WARN_STRICT_PROTOTYPES = YES;
				CLANG_WARN_SUSPICIOUS_MOVE = YES;
				CLANG_WARN_UNGUARDED_AVAILABILITY = YES_AGGRESSIVE;
				CLANG_WARN_UNREACHABLE_CODE = YES;
				CLANG_WARN__DUPLICATE_METHOD_MATCH = YES;
				COPY_PHASE_STRIP = NO;
				DEBUG_INFORMATION_FORMAT = dwarf;
				ENABLE_STRICT_OBJC_MSGSEND = YES;
				ENABLE_TESTABILITY = YES;
				GCC_C_LANGUAGE_STANDARD = gnu11;
				GCC_DYNAMIC_NO_PIC = NO;
				GCC_NO_COMMON_BLOCKS = YES;
				GCC_OPTIMIZATION_LEVEL = 0;
				GCC_PREPROCESSOR_DEFINITIONS = (
					"DEBUG=1",
					"$(inherited)",
				);
				GCC_WARN_64_TO_32_BIT_CONVERSION = YES;
				GCC_WARN_ABOUT_RETURN_TYPE = YES_ERROR;
				GCC_WARN_UNDECLARED_SELECTOR = YES;
				GCC_WARN_UNINITIALIZED_AUTOS = YES_AGGRESSIVE;
				GCC_WARN_UNUSED_FUNCTION = YES;
				GCC_WARN_UNUSED_VARIABLE = YES;
				IPHONEOS_DEPLOYMENT_TARGET = 16.4;
				MTL_ENABLE_DEBUG_INFO = INCLUDE_SOURCE;
				MTL_FAST_MATH = YES;
				ONLY_ACTIVE_ARCH = YES;
				SDKROOT = iphoneos;
				SWIFT_ACTIVE_COMPILATION_CONDITIONS = DEBUG;
				SWIFT_OPTIMIZATION_LEVEL = "-Onone";
			};
			name = Debug;
		};
		D46DFC152AAB376100595627 /* Release */ = {
			isa = XCBuildConfiguration;
			buildSettings = {
				ALWAYS_SEARCH_USER_PATHS = NO;
				CLANG_ANALYZER_NONNULL = YES;
				CLANG_ANALYZER_NUMBER_OBJECT_CONVERSION = YES_AGGRESSIVE;
				CLANG_CXX_LANGUAGE_STANDARD = "gnu++20";
				CLANG_ENABLE_MODULES = YES;
				CLANG_ENABLE_OBJC_ARC = YES;
				CLANG_ENABLE_OBJC_WEAK = YES;
				CLANG_WARN_BLOCK_CAPTURE_AUTORELEASING = YES;
				CLANG_WARN_BOOL_CONVERSION = YES;
				CLANG_WARN_COMMA = YES;
				CLANG_WARN_CONSTANT_CONVERSION = YES;
				CLANG_WARN_DEPRECATED_OBJC_IMPLEMENTATIONS = YES;
				CLANG_WARN_DIRECT_OBJC_ISA_USAGE = YES_ERROR;
				CLANG_WARN_DOCUMENTATION_COMMENTS = YES;
				CLANG_WARN_EMPTY_BODY = YES;
				CLANG_WARN_ENUM_CONVERSION = YES;
				CLANG_WARN_INFINITE_RECURSION = YES;
				CLANG_WARN_INT_CONVERSION = YES;
				CLANG_WARN_NON_LITERAL_NULL_CONVERSION = YES;
				CLANG_WARN_OBJC_IMPLICIT_RETAIN_SELF = YES;
				CLANG_WARN_OBJC_LITERAL_CONVERSION = YES;
				CLANG_WARN_OBJC_ROOT_CLASS = YES_ERROR;
				CLANG_WARN_QUOTED_INCLUDE_IN_FRAMEWORK_HEADER = YES;
				CLANG_WARN_RANGE_LOOP_ANALYSIS = YES;
				CLANG_WARN_STRICT_PROTOTYPES = YES;
				CLANG_WARN_SUSPICIOUS_MOVE = YES;
				CLANG_WARN_UNGUARDED_AVAILABILITY = YES_AGGRESSIVE;
				CLANG_WARN_UNREACHABLE_CODE = YES;
				CLANG_WARN__DUPLICATE_METHOD_MATCH = YES;
				COPY_PHASE_STRIP = NO;
				DEBUG_INFORMATION_FORMAT = "dwarf-with-dsym";
				ENABLE_NS_ASSERTIONS = NO;
				ENABLE_STRICT_OBJC_MSGSEND = YES;
				GCC_C_LANGUAGE_STANDARD = gnu11;
				GCC_NO_COMMON_BLOCKS = YES;
				GCC_WARN_64_TO_32_BIT_CONVERSION = YES;
				GCC_WARN_ABOUT_RETURN_TYPE = YES_ERROR;
				GCC_WARN_UNDECLARED_SELECTOR = YES;
				GCC_WARN_UNINITIALIZED_AUTOS = YES_AGGRESSIVE;
				GCC_WARN_UNUSED_FUNCTION = YES;
				GCC_WARN_UNUSED_VARIABLE = YES;
				IPHONEOS_DEPLOYMENT_TARGET = 16.4;
				MTL_ENABLE_DEBUG_INFO = NO;
				MTL_FAST_MATH = YES;
				SDKROOT = iphoneos;
				SWIFT_COMPILATION_MODE = wholemodule;
				SWIFT_OPTIMIZATION_LEVEL = "-O";
				VALIDATE_PRODUCT = YES;
			};
			name = Release;
		};
		D46DFC172AAB376100595627 /* Debug */ = {
			isa = XCBuildConfiguration;
			buildSettings = {
				ASSETCATALOG_COMPILER_APPICON_NAME = AppIcon;
				ASSETCATALOG_COMPILER_GLOBAL_ACCENT_COLOR_NAME = AccentColor;
				CODE_SIGN_STYLE = Automatic;
				CURRENT_PROJECT_VERSION = 1;
				DEVELOPMENT_TEAM = B5VBLCZU85;
				GENERATE_INFOPLIST_FILE = YES;
				INFOPLIST_FILE = "Speech-To-Text/Resources/Info.plist";
				INFOPLIST_KEY_UIApplicationSupportsIndirectInputEvents = YES;
				INFOPLIST_KEY_UILaunchStoryboardName = LaunchScreen;
				INFOPLIST_KEY_UISupportedInterfaceOrientations_iPad = "UIInterfaceOrientationPortrait UIInterfaceOrientationPortraitUpsideDown UIInterfaceOrientationLandscapeLeft UIInterfaceOrientationLandscapeRight";
				INFOPLIST_KEY_UISupportedInterfaceOrientations_iPhone = "UIInterfaceOrientationPortrait UIInterfaceOrientationLandscapeLeft UIInterfaceOrientationLandscapeRight";
				LD_RUNPATH_SEARCH_PATHS = (
					"$(inherited)",
					"@executable_path/Frameworks",
				);
				MARKETING_VERSION = 1.0;
				PRODUCT_BUNDLE_IDENTIFIER = "me.devswift.Speech-To-Text";
				PRODUCT_NAME = "$(TARGET_NAME)";
				SWIFT_EMIT_LOC_STRINGS = YES;
				SWIFT_VERSION = 5.0;
				TARGETED_DEVICE_FAMILY = "1,2";
			};
			name = Debug;
		};
		D46DFC182AAB376100595627 /* Release */ = {
			isa = XCBuildConfiguration;
			buildSettings = {
				ASSETCATALOG_COMPILER_APPICON_NAME = AppIcon;
				ASSETCATALOG_COMPILER_GLOBAL_ACCENT_COLOR_NAME = AccentColor;
				CODE_SIGN_STYLE = Automatic;
				CURRENT_PROJECT_VERSION = 1;
				DEVELOPMENT_TEAM = B5VBLCZU85;
				GENERATE_INFOPLIST_FILE = YES;
				INFOPLIST_FILE = "Speech-To-Text/Resources/Info.plist";
				INFOPLIST_KEY_UIApplicationSupportsIndirectInputEvents = YES;
				INFOPLIST_KEY_UILaunchStoryboardName = LaunchScreen;
				INFOPLIST_KEY_UISupportedInterfaceOrientations_iPad = "UIInterfaceOrientationPortrait UIInterfaceOrientationPortraitUpsideDown UIInterfaceOrientationLandscapeLeft UIInterfaceOrientationLandscapeRight";
				INFOPLIST_KEY_UISupportedInterfaceOrientations_iPhone = "UIInterfaceOrientationPortrait UIInterfaceOrientationLandscapeLeft UIInterfaceOrientationLandscapeRight";
				LD_RUNPATH_SEARCH_PATHS = (
					"$(inherited)",
					"@executable_path/Frameworks",
				);
				MARKETING_VERSION = 1.0;
				PRODUCT_BUNDLE_IDENTIFIER = "me.devswift.Speech-To-Text";
				PRODUCT_NAME = "$(TARGET_NAME)";
				SWIFT_EMIT_LOC_STRINGS = YES;
				SWIFT_VERSION = 5.0;
				TARGETED_DEVICE_FAMILY = "1,2";
			};
			name = Release;
		};
		D46DFC1A2AAB376100595627 /* Debug */ = {
			isa = XCBuildConfiguration;
			buildSettings = {
				ALWAYS_EMBED_SWIFT_STANDARD_LIBRARIES = YES;
				BUNDLE_LOADER = "$(TEST_HOST)";
				CODE_SIGN_STYLE = Automatic;
				CURRENT_PROJECT_VERSION = 1;
				DEVELOPMENT_TEAM = B5VBLCZU85;
				GENERATE_INFOPLIST_FILE = YES;
				IPHONEOS_DEPLOYMENT_TARGET = 16.4;
				MARKETING_VERSION = 1.0;
				PRODUCT_BUNDLE_IDENTIFIER = "me.devswift.Speech-To-TextTests";
				PRODUCT_NAME = "$(TARGET_NAME)";
				SWIFT_EMIT_LOC_STRINGS = NO;
				SWIFT_VERSION = 5.0;
				TARGETED_DEVICE_FAMILY = "1,2";
				TEST_HOST = "$(BUILT_PRODUCTS_DIR)/Speech-To-Text.app/$(BUNDLE_EXECUTABLE_FOLDER_PATH)/Speech-To-Text";
			};
			name = Debug;
		};
		D46DFC1B2AAB376100595627 /* Release */ = {
			isa = XCBuildConfiguration;
			buildSettings = {
				ALWAYS_EMBED_SWIFT_STANDARD_LIBRARIES = YES;
				BUNDLE_LOADER = "$(TEST_HOST)";
				CODE_SIGN_STYLE = Automatic;
				CURRENT_PROJECT_VERSION = 1;
				DEVELOPMENT_TEAM = B5VBLCZU85;
				GENERATE_INFOPLIST_FILE = YES;
				IPHONEOS_DEPLOYMENT_TARGET = 16.4;
				MARKETING_VERSION = 1.0;
				PRODUCT_BUNDLE_IDENTIFIER = "me.devswift.Speech-To-TextTests";
				PRODUCT_NAME = "$(TARGET_NAME)";
				SWIFT_EMIT_LOC_STRINGS = NO;
				SWIFT_VERSION = 5.0;
				TARGETED_DEVICE_FAMILY = "1,2";
				TEST_HOST = "$(BUILT_PRODUCTS_DIR)/Speech-To-Text.app/$(BUNDLE_EXECUTABLE_FOLDER_PATH)/Speech-To-Text";
			};
			name = Release;
		};
		D46DFC1D2AAB376100595627 /* Debug */ = {
			isa = XCBuildConfiguration;
			buildSettings = {
				ALWAYS_EMBED_SWIFT_STANDARD_LIBRARIES = YES;
				CODE_SIGN_STYLE = Automatic;
				CURRENT_PROJECT_VERSION = 1;
				DEVELOPMENT_TEAM = B5VBLCZU85;
				GENERATE_INFOPLIST_FILE = YES;
				MARKETING_VERSION = 1.0;
				PRODUCT_BUNDLE_IDENTIFIER = "me.devswift.Speech-To-TextUITests";
				PRODUCT_NAME = "$(TARGET_NAME)";
				SWIFT_EMIT_LOC_STRINGS = NO;
				SWIFT_VERSION = 5.0;
				TARGETED_DEVICE_FAMILY = "1,2";
				TEST_TARGET_NAME = "Speech-To-Text";
			};
			name = Debug;
		};
		D46DFC1E2AAB376100595627 /* Release */ = {
			isa = XCBuildConfiguration;
			buildSettings = {
				ALWAYS_EMBED_SWIFT_STANDARD_LIBRARIES = YES;
				CODE_SIGN_STYLE = Automatic;
				CURRENT_PROJECT_VERSION = 1;
				DEVELOPMENT_TEAM = B5VBLCZU85;
				GENERATE_INFOPLIST_FILE = YES;
				MARKETING_VERSION = 1.0;
				PRODUCT_BUNDLE_IDENTIFIER = "me.devswift.Speech-To-TextUITests";
				PRODUCT_NAME = "$(TARGET_NAME)";
				SWIFT_EMIT_LOC_STRINGS = NO;
				SWIFT_VERSION = 5.0;
				TARGETED_DEVICE_FAMILY = "1,2";
				TEST_TARGET_NAME = "Speech-To-Text";
			};
			name = Release;
		};
/* End XCBuildConfiguration section */

/* Begin XCConfigurationList section */
		D46DFBE42AAB375D00595627 /* Build configuration list for PBXProject "Speech-To-Text" */ = {
			isa = XCConfigurationList;
			buildConfigurations = (
				D46DFC142AAB376100595627 /* Debug */,
				D46DFC152AAB376100595627 /* Release */,
			);
			defaultConfigurationIsVisible = 0;
			defaultConfigurationName = Release;
		};
		D46DFC162AAB376100595627 /* Build configuration list for PBXNativeTarget "Speech-To-Text" */ = {
			isa = XCConfigurationList;
			buildConfigurations = (
				D46DFC172AAB376100595627 /* Debug */,
				D46DFC182AAB376100595627 /* Release */,
			);
			defaultConfigurationIsVisible = 0;
			defaultConfigurationName = Release;
		};
		D46DFC192AAB376100595627 /* Build configuration list for PBXNativeTarget "Speech-To-TextTests" */ = {
			isa = XCConfigurationList;
			buildConfigurations = (
				D46DFC1A2AAB376100595627 /* Debug */,
				D46DFC1B2AAB376100595627 /* Release */,
			);
			defaultConfigurationIsVisible = 0;
			defaultConfigurationName = Release;
		};
		D46DFC1C2AAB376100595627 /* Build configuration list for PBXNativeTarget "Speech-To-TextUITests" */ = {
			isa = XCConfigurationList;
			buildConfigurations = (
				D46DFC1D2AAB376100595627 /* Debug */,
				D46DFC1E2AAB376100595627 /* Release */,
			);
			defaultConfigurationIsVisible = 0;
			defaultConfigurationName = Release;
		};
/* End XCConfigurationList section */

/* Begin XCRemoteSwiftPackageReference section */
		D45021932AAB4DF600A3DAE4 /* XCRemoteSwiftPackageReference "RxSwift" */ = {
			isa = XCRemoteSwiftPackageReference;
			repositoryURL = "https://github.com/ReactiveX/RxSwift.git";
			requirement = {
				kind = exactVersion;
				version = 6.6.0;
			};
		};
/* End XCRemoteSwiftPackageReference section */

/* Begin XCSwiftPackageProductDependency section */
		D45021942AAB4DF600A3DAE4 /* RxCocoa */ = {
			isa = XCSwiftPackageProductDependency;
			package = D45021932AAB4DF600A3DAE4 /* XCRemoteSwiftPackageReference "RxSwift" */;
			productName = RxCocoa;
		};
		D45021962AAB4DF600A3DAE4 /* RxSwift */ = {
			isa = XCSwiftPackageProductDependency;
			package = D45021932AAB4DF600A3DAE4 /* XCRemoteSwiftPackageReference "RxSwift" */;
			productName = RxSwift;
		};
/* End XCSwiftPackageProductDependency section */

/* Begin XCVersionGroup section */
		D46DFBF52AAB375D00595627 /* CoreDataStorage.xcdatamodeld */ = {
			isa = XCVersionGroup;
			children = (
				D46DFBF62AAB375D00595627 /* Speech_To_Text.xcdatamodel */,
			);
			currentVersion = D46DFBF62AAB375D00595627 /* Speech_To_Text.xcdatamodel */;
			path = CoreDataStorage.xcdatamodeld;
			sourceTree = "<group>";
			versionGroupType = wrapper.xcdatamodel;
		};
/* End XCVersionGroup section */
	};
	rootObject = D46DFBE12AAB375D00595627 /* Project object */;
}
